
Microsoft Visual Studio Solution File, Format Version 12.00
# Visual Studio Version 16
VisualStudioVersion = 16.0.29215.179
MinimumVisualStudioVersion = 10.0.40219.1
Project("{9A19103F-16F7-4668-BE54-9A1E7A4F7556}") = "Starget.Http", "Starget.Http\Starget.Http.csproj", "{01A63262-C19C-4194-B18B-00CB1E48526A}"
EndProject
Project("{FAE04EC0-301F-11D3-BF4B-00C04F79EFBC}") = "Starget.Tests", "Starget.Tests\Starget.Tests.csproj", "{BF00F437-E16D-4F78-9DA1-2606F127A5C7}"
EndProject
Global
	GlobalSection(SolutionConfigurationPlatforms) = preSolution
		Debug|Any CPU = Debug|Any CPU
		Release|Any CPU = Release|Any CPU
	EndGlobalSection
	GlobalSection(ProjectConfigurationPlatforms) = postSolution
		{01A63262-C19C-4194-B18B-00CB1E48526A}.Debug|Any CPU.ActiveCfg = Debug|Any CPU
		{01A63262-C19C-4194-B18B-00CB1E48526A}.Debug|Any CPU.Build.0 = Debug|Any CPU
		{01A63262-C19C-4194-B18B-00CB1E48526A}.Release|Any CPU.ActiveCfg = Release|Any CPU
		{01A63262-C19C-4194-B18B-00CB1E48526A}.Release|Any CPU.Build.0 = Release|Any CPU
		{BF00F437-E16D-4F78-9DA1-2606F127A5C7}.Debug|Any CPU.ActiveCfg = Debug|Any CPU
		{BF00F437-E16D-4F78-9DA1-2606F127A5C7}.Debug|Any CPU.Build.0 = Debug|Any CPU
		{BF00F437-E16D-4F78-9DA1-2606F127A5C7}.Release|Any CPU.ActiveCfg = Release|Any CPU
		{BF00F437-E16D-4F78-9DA1-2606F127A5C7}.Release|Any CPU.Build.0 = Release|Any CPU
	EndGlobalSection
	GlobalSection(SolutionProperties) = preSolution
		HideSolutionNode = FALSE
	EndGlobalSection
	GlobalSection(ExtensibilityGlobals) = postSolution
		SolutionGuid = {A3C0C3C9-27BE-48DA-8268-BD981B18E404}
	EndGlobalSection
EndGlobal
